
Microsoft Visual Studio Solution File, Format Version 12.00
# Visual Studio Version 17
VisualStudioVersion = 17.8.34525.116
MinimumVisualStudioVersion = 10.0.40219.1
Project("{FAE04EC0-301F-11D3-BF4B-00C04F79EFBC}") = "prjOnlineDB", "prjOnlineDB\prjOnlineDB.csproj", "{992B20D7-7993-4156-9196-253E92813BAB}"
EndProject
Global
	GlobalSection(SolutionConfigurationPlatforms) = preSolution
		Debug|Any CPU = Debug|Any CPU
		Release|Any CPU = Release|Any CPU
	EndGlobalSection
	GlobalSection(ProjectConfigurationPlatforms) = postSolution
		{992B20D7-7993-4156-9196-253E92813BAB}.Debug|Any CPU.ActiveCfg = Debug|Any CPU
		{992B20D7-7993-4156-9196-253E92813BAB}.Debug|Any CPU.Build.0 = Debug|Any CPU
		{992B20D7-7993-4156-9196-253E92813BAB}.Release|Any CPU.ActiveCfg = Release|Any CPU
		{992B20D7-7993-4156-9196-253E92813BAB}.Release|Any CPU.Build.0 = Release|Any CPU
	EndGlobalSection
	GlobalSection(SolutionProperties) = preSolution
		HideSolutionNode = FALSE
	EndGlobalSection
	GlobalSection(ExtensibilityGlobals) = postSolution
		SolutionGuid = {BD95A6A1-B3AF-43C5-9C73-A8BE16D2E5BB}
	EndGlobalSection
EndGlobal
